{
  "version": "2",
  "remote": {
    "https://cdn.skypack.dev/-/debug@v4.3.4-o4liVvMlOnQWbLSYZMXw/dist=es2019,mode=imports/optimized/debug.js": "671100993996e39b501301a87000607916d4d2d9f8fc8e9c5200ae5ba64a1389",
    "https://cdn.skypack.dev/-/ms@v2.1.2-giBDZ1IA5lmQ3ZXaa87V/dist=es2019,mode=imports/optimized/ms.js": "fd88e2d51900437011f1ad232f3393ce97db1b87a7844b3c58dd6d65562c1276",
    "https://cdn.skypack.dev/debug@4.3.4": "7b1d010cc930f71b940ba5941da055bc181115229e29de7214bdb4425c68ea76",
    "https://deno.land/std@0.178.0/_util/asserts.ts": "178dfc49a464aee693a7e285567b3d0b555dc805ff490505a8aae34f9cfb1462",
    "https://deno.land/std@0.178.0/_util/os.ts": "d932f56d41e4f6a6093d56044e29ce637f8dcc43c5a90af43504a889cf1775e3",
    "https://deno.land/std@0.178.0/async/deferred.ts": "42790112f36a75a57db4a96d33974a936deb7b04d25c6084a9fa8a49f135def8",
    "https://deno.land/std@0.178.0/bytes/bytes_list.ts": "b4cbdfd2c263a13e8a904b12d082f6177ea97d9297274a4be134e989450dfa6a",
    "https://deno.land/std@0.178.0/bytes/copy.ts": "939d89e302a9761dcf1d9c937c7711174ed74c59eef40a1e4569a05c9de88219",
    "https://deno.land/std@0.178.0/io/buffer.ts": "e2b7564f684dad625cab08f5106f33572d325705d19a36822b3272fbdfb8f726",
    "https://deno.land/std@0.178.0/path/_constants.ts": "e49961f6f4f48039c0dfed3c3f93e963ca3d92791c9d478ac5b43183413136e0",
    "https://deno.land/std@0.178.0/path/_interface.ts": "6471159dfbbc357e03882c2266d21ef9afdb1e4aa771b0545e90db58a0ba314b",
    "https://deno.land/std@0.178.0/path/_util.ts": "d7abb1e0dea065f427b89156e28cdeb32b045870acdf865833ba808a73b576d0",
    "https://deno.land/std@0.178.0/path/common.ts": "ee7505ab01fd22de3963b64e46cff31f40de34f9f8de1fff6a1bd2fe79380000",
    "https://deno.land/std@0.178.0/path/glob.ts": "d479e0a695621c94d3fd7fe7abd4f9499caf32a8de13f25073451c6ef420a4e1",
    "https://deno.land/std@0.178.0/path/mod.ts": "4b83694ac500d7d31b0cdafc927080a53dc0c3027eb2895790fb155082b0d232",
    "https://deno.land/std@0.178.0/path/posix.ts": "8b7c67ac338714b30c816079303d0285dd24af6b284f7ad63da5b27372a2c94d",
    "https://deno.land/std@0.178.0/path/separator.ts": "0fb679739d0d1d7bf45b68dacfb4ec7563597a902edbaf3c59b50d5bcadd93b1",
    "https://deno.land/std@0.178.0/path/win32.ts": "d186344e5583bcbf8b18af416d13d82b35a317116e6460a5a3953508c3de5bba",
    "https://deno.land/std@0.178.0/streams/_common.ts": "f45cba84f0d813de3326466095539602364a9ba521f804cc758f7a475cda692d",
    "https://deno.land/std@0.178.0/streams/buffer.ts": "7e7676c29e0e72f6821c3b5fede2540886a216bb91c849bb5db20bb82a01d8a1",
    "https://deno.land/std@0.178.0/streams/byte_slice_stream.ts": "cf5785b0d9223ebb51fcf6679d881dfaf614c3b288fb4577b511b6f7801a01aa",
    "https://deno.land/std@0.178.0/streams/copy.ts": "de0de21701d8cceba84ca01d9731c77f4b3597bb9de6a1b08f32250353feeae8",
    "https://deno.land/std@0.178.0/streams/delimiter_stream.ts": "de8f822a1c394cdb805a97e364400955cd1757cc282d932b4040a0f78fba3b5f",
    "https://deno.land/std@0.178.0/streams/early_zip_readable_streams.ts": "64828085be5812ec5f4896c10b59f14e5a322b2c0439be9331dde332ae9c91de",
    "https://deno.land/std@0.178.0/streams/iterate_reader.ts": "06491ed8f1bb1c619abbfa04c10b173ff95a93e51fe5037b7c1ad0b5cc01fc7d",
    "https://deno.land/std@0.178.0/streams/limited_bytes_transform_stream.ts": "3bc04143b8b91a923f5ee81a3c618b6606ac7da66ccbcde62a67aaa0375cbc71",
    "https://deno.land/std@0.178.0/streams/limited_transform_stream.ts": "b336f5d649a06e35e2692849e3682a673bb32531738443eb2ce9f57538722f75",
    "https://deno.land/std@0.178.0/streams/merge_readable_streams.ts": "5d6302888f4bb0616dafb5768771be0aec9bedc05fbae6b3d726d05ffbec5b15",
    "https://deno.land/std@0.178.0/streams/mod.ts": "c07ec010e700b9ea887dc36ca08729828bc7912f711e4054e24d33fd46282252",
    "https://deno.land/std@0.178.0/streams/read_all.ts": "bfa220b0e1d06fa4d0cb5178baba8f8b466019a7411511982bfa2320ca292815",
    "https://deno.land/std@0.178.0/streams/readable_stream_from_iterable.ts": "cae337ddafd2abc5e3df699ef2af888ac04091f12732ae658448fba2c7b187e8",
    "https://deno.land/std@0.178.0/streams/readable_stream_from_reader.ts": "9aceaeefa9e04b08f56b2d07272baedc3b6432840b66198d72fa2ada3e6608ea",
    "https://deno.land/std@0.178.0/streams/reader_from_iterable.ts": "05f7759b9336fd4c233d9daadf92aec9a7d2c07a05986da466a935cec2dd79d9",
    "https://deno.land/std@0.178.0/streams/reader_from_stream_reader.ts": "3fda9390ec8520c8a9ea2aba2579208b18880a7663d7a9feec8f193b7af14e41",
    "https://deno.land/std@0.178.0/streams/text_delimiter_stream.ts": "ee216316360366c3744197f5665a066a25e6baa8cfe836fbe9a0033e079e089e",
    "https://deno.land/std@0.178.0/streams/text_line_stream.ts": "a9dd2636c6b90e626e19df26c97034c5f638bdd957cbd5c531d6278fe1d08e90",
    "https://deno.land/std@0.178.0/streams/to_transform_stream.ts": "31c8cce967a2f602be5f164973a5c6cedd4c76e1d2fbc22ae0081b084f73fb0e",
    "https://deno.land/std@0.178.0/streams/writable_stream_from_writer.ts": "0320b759aa343f9f4f58b014fe301d9a7abcbfb8413d260502a885995e6a0776",
    "https://deno.land/std@0.178.0/streams/write_all.ts": "3b2e1ce44913f966348ce353d02fa5369e94115181037cd8b602510853ec3033",
    "https://deno.land/std@0.178.0/streams/writer_from_stream_writer.ts": "31126a6bf2e678c5a718011d4831dbe75dbdbd885965d3dbd5dd105e6f20f976",
    "https://deno.land/std@0.178.0/streams/zip_readable_streams.ts": "9eb82070d83055fe6f077192fb204dc7612695a4b330148e9aa376df1a65e708",
    "https://deno.land/std@0.178.0/types.d.ts": "220ed56662a0bd393ba5d124aa6ae2ad36a00d2fcbc0e8666a65f4606aaa9784",
    "https://deno.land/std@0.182.0/_util/asserts.ts": "178dfc49a464aee693a7e285567b3d0b555dc805ff490505a8aae34f9cfb1462",
    "https://deno.land/std@0.182.0/async/abortable.ts": "fd682fa46f3b7b16b4606a5ab52a7ce309434b76f820d3221bdfb862719a15d7",
    "https://deno.land/std@0.182.0/async/deadline.ts": "c5facb0b404eede83e38bd2717ea8ab34faa2ffb20ef87fd261fcba32ba307aa",
    "https://deno.land/std@0.182.0/async/debounce.ts": "adab11d04ca38d699444ac8a9d9856b4155e8dda2afd07ce78276c01ea5a4332",
    "https://deno.land/std@0.182.0/async/deferred.ts": "42790112f36a75a57db4a96d33974a936deb7b04d25c6084a9fa8a49f135def8",
    "https://deno.land/std@0.182.0/async/delay.ts": "73aa04cec034c84fc748c7be49bb15cac3dd43a57174bfdb7a4aec22c248f0dd",
    "https://deno.land/std@0.182.0/async/mod.ts": "f04344fa21738e5ad6bea37a6bfffd57c617c2d372bb9f9dcfd118a1b622e576",
    "https://deno.land/std@0.182.0/async/mux_async_iterator.ts": "70c7f2ee4e9466161350473ad61cac0b9f115cff4c552eaa7ef9d50c4cbb4cc9",
    "https://deno.land/std@0.182.0/async/pool.ts": "fd082bd4aaf26445909889435a5c74334c017847842ec035739b4ae637ae8260",
    "https://deno.land/std@0.182.0/async/retry.ts": "dd19d93033d8eaddbfcb7654c0366e9d3b0a21448bdb06eba4a7d8a8cf936a92",
    "https://deno.land/std@0.182.0/async/tee.ts": "47e42d35f622650b02234d43803d0383a89eb4387e1b83b5a40106d18ae36757",
    "https://deno.land/std@0.182.0/datetime/to_imf.ts": "8f9c0af8b167031ffe2e03da01a12a3b0672cc7562f89c61942a0ab0129771b2",
    "https://deno.land/std@0.182.0/http/_negotiation/common.ts": "14d1a52427ab258a4b7161cd80e1d8a207b7cc64b46e911780f57ead5f4323c6",
    "https://deno.land/std@0.182.0/http/_negotiation/encoding.ts": "ff747d107277c88cb7a6a62a08eeb8d56dad91564cbcccb30694d5dc126dcc53",
    "https://deno.land/std@0.182.0/http/_negotiation/language.ts": "7bcddd8db3330bdb7ce4fc00a213c5547c1968139864201efd67ef2d0d51887d",
    "https://deno.land/std@0.182.0/http/_negotiation/media_type.ts": "58847517cd549384ad677c0fe89e0a4815be36fe7a303ea63cee5f6a1d7e1692",
    "https://deno.land/std@0.182.0/http/cookie.ts": "934f92d871d50852dbd7a836d721df5a9527b14381db16001b40991d30174ee4",
    "https://deno.land/std@0.182.0/http/cookie_map.ts": "d148a5eaf35f19905dd5104126fa47ac71105306dd42f129732365e43108b28a",
    "https://deno.land/std@0.182.0/http/http_errors.ts": "b9a18ef97d6c5966964de95e04d1f9f88a0f8bd8577c26fd402d9d632fb03a42",
    "https://deno.land/std@0.182.0/http/http_status.ts": "8a7bcfe3ac025199ad804075385e57f63d055b2aed539d943ccc277616d6f932",
    "https://deno.land/std@0.182.0/http/mod.ts": "10b293bcf24072aef2e57e0b91523822952134d5301405f64121bab178017bdc",
    "https://deno.land/std@0.182.0/http/negotiation.ts": "46e74a6bad4b857333a58dc5b50fe8e5a4d5267e97292293ea65f980bd918086",
    "https://deno.land/std@0.182.0/http/server.ts": "cbb17b594651215ba95c01a395700684e569c165a567e4e04bba327f41197433",
    "https://deno.land/std@0.182.0/http/server_sent_event.ts": "856764c8c058605bb618272833990b1f88b6de0dcc460f0f09749ba7e99dd656",
    "https://deno.land/x/grammy@v1.15.3/bot.ts": "885e3b11a5bb16f923dc09d9351bdf2d2bda8cb29dc1c85d0c3930d59b256f68",
    "https://deno.land/x/grammy@v1.15.3/composer.ts": "1d2e164f9934466553d7f9bf9bf2fe65a1f453b7f7ce3cf57066d87382c6dac2",
    "https://deno.land/x/grammy@v1.15.3/context.ts": "72df84eef4f159aef06dab536d0d27beba38534769416d4b1099ce535b0767d0",
    "https://deno.land/x/grammy@v1.15.3/convenience/frameworks.ts": "f89568f28835aaba764a62e1501c8d625ead88d4bfb1f1ba9fd4c4ca2234820f",
    "https://deno.land/x/grammy@v1.15.3/convenience/keyboard.ts": "a794e8bc4b39670bf320410e6bd30fc42aed3c4e5e28d55a909300f29f3f872d",
    "https://deno.land/x/grammy@v1.15.3/convenience/session.ts": "f9b7a0737cb813810731a3c29c3f5f84a457f493f9e7651e132daab9b58b08e9",
    "https://deno.land/x/grammy@v1.15.3/convenience/webhook.ts": "f1da7d6426171fb7b5d5f6b59633f91d3bab9a474eea821f714932650965eb9e",
    "https://deno.land/x/grammy@v1.15.3/core/api.ts": "d1333aececb21a203914db2506d6935b60ba8af9b8ad2141bda60955dd3a6f89",
    "https://deno.land/x/grammy@v1.15.3/core/client.ts": "8914f13b2cb69f16104a9711e4fea0a4500edd0950736dcc3ac078ab46f7a5ab",
    "https://deno.land/x/grammy@v1.15.3/core/error.ts": "4638b2127ebe60249c78b83011d468f5e1e1a87748d32fe11a8200d9f824ad13",
    "https://deno.land/x/grammy@v1.15.3/core/payload.ts": "420e17c3c2830b5576ea187cfce77578fe09f1204b25c25ea2f220ca7c86e73b",
    "https://deno.land/x/grammy@v1.15.3/filter.ts": "2c341f376bff726ca300e547843abcd989219cd10a05ae612844efaaa2cefe50",
    "https://deno.land/x/grammy@v1.15.3/mod.ts": "6d96b0c7b4c8b9448b9f9903a95a78c3379febd36b0f6485ad567d79b153c794",
    "https://deno.land/x/grammy@v1.15.3/platform.deno.ts": "3ef7e73beaf454976e61d66938f840454bedd4c8ff2e0a82ca7042b24f38dfcd",
    "https://deno.land/x/grammy@v1.15.3/types.deno.ts": "010e4ac685e4b45f7fc24f5b8e42d6010edfabeebbb7dbb8469ccf2e85838a69",
    "https://deno.land/x/grammy@v1.15.3/types.ts": "729415590dfa188dbe924dea614dff4e976babdbabb28a307b869fc25777cdf0",
    "https://deno.land/x/grammy_menu@v1.1.3/deps.deno.ts": "3c615a308699a20c7474ea2930eefa06ae88d14a0de219b94d2925f18ef0f16b",
    "https://deno.land/x/grammy_menu@v1.1.3/menu.ts": "589c3ba7ad67cbe6ceaf6bf629e9db76e80e767151cbbf75e09973ffa9fe9eaa",
    "https://deno.land/x/grammy_menu@v1.1.3/mod.ts": "ec3d890cabdb7ee1ea72f5fcd1b0b05a84c208975c34251e8a0e9a595e40713b",
    "https://deno.land/x/grammy_types@v3.0.3/api.ts": "efc90a31eb6f59ae5e7a4cf5838f46529e2fa6fa7e97a51a82dbd28afad21592",
    "https://deno.land/x/grammy_types@v3.0.3/inline.ts": "8c84406fde94dbc790699043b08e09a9ea6f5f2467e5d0fe345465590f20d70f",
    "https://deno.land/x/grammy_types@v3.0.3/manage.ts": "f75080617453d51bf9859104f706fb051b2d944fdbd0a66f2ccd9a366f7035f6",
    "https://deno.land/x/grammy_types@v3.0.3/markup.ts": "70fbfa9e2403fc1683c2eba22c6efe0803e5be81091e2a0e92b48f6da2527994",
    "https://deno.land/x/grammy_types@v3.0.3/message.ts": "5b78e2d99bff5002955d890df06ccbc2c29caff5ed11f580db79f4b325a3bc0e",
    "https://deno.land/x/grammy_types@v3.0.3/methods.ts": "42228f711ef977e196cce37e788c3d8f12c8d34d774e33aeb9f4b99d8460d55f",
    "https://deno.land/x/grammy_types@v3.0.3/mod.ts": "c9171f1ad0d4ae2b5c07b15b559b7e6a09f5083fec50587419cd1fb7b20b5554",
    "https://deno.land/x/grammy_types@v3.0.3/passport.ts": "e3fb63aec96510bcc317ef48fd25b435444b8f407502d7568c00fce15f2958fd",
    "https://deno.land/x/grammy_types@v3.0.3/payment.ts": "d23e9038c5b479b606e620dd84e3e67b6642ada110a962f2d5b5286e99ec7de5",
    "https://deno.land/x/grammy_types@v3.0.3/settings.ts": "1706823f6a0d1f538f286cc80830077a6f5d01da4c4742d63f25172e329aadde",
    "https://deno.land/x/grammy_types@v3.0.3/update.ts": "9415d29fd8f148f880e15daa04ece325d4f5a5a03bcd2bdce66ec32e53116aea",
    "https://esm.sh/@grammyjs/types@2.12.1": "402fe020308cac055edbea00bf3c70d863d285d41a9634c5cc4e8c6a90df2184",
    "https://esm.sh/v115/@grammyjs/types@2.12.1/api.d.ts": "efc90a31eb6f59ae5e7a4cf5838f46529e2fa6fa7e97a51a82dbd28afad21592",
    "https://esm.sh/v115/@grammyjs/types@2.12.1/deno/types.mjs": "5c74efc316e26b58d1276a64c9936d19862577116bfd820946b55befd5c15b0e",
    "https://esm.sh/v115/@grammyjs/types@2.12.1/index.d.ts": "1c60004dec6270d9badd5ed195dbd6d4ddd00fa701acfeea922ed9f4861576a4",
    "https://esm.sh/v115/@grammyjs/types@2.12.1/inline.d.ts": "573b2790679c5c0910847a60064ae85c6f6007bfa139e3f611dd917f9c54399b",
    "https://esm.sh/v115/@grammyjs/types@2.12.1/manage.d.ts": "c8f9d21eb8de00703db08d808ca683705fcee60ca54a3d62ee7ac9fd24eb5bd2",
    "https://esm.sh/v115/@grammyjs/types@2.12.1/markup.d.ts": "c2eb6a0fe8f5e15d903bfa33f23f36ae5c9a77accc5d5656a80fe26ae9793057",
    "https://esm.sh/v115/@grammyjs/types@2.12.1/menu-button.d.ts": "096e03dadaf3af415c48c14cb91380769df01dcccbb0931575bf5f15a5df5cd7",
    "https://esm.sh/v115/@grammyjs/types@2.12.1/message.d.ts": "fb395a5ec2b130269d680788b098f32fec4ee2eeb3fa4aeead14fdb8b8095d03",
    "https://esm.sh/v115/@grammyjs/types@2.12.1/passport.d.ts": "e3fb63aec96510bcc317ef48fd25b435444b8f407502d7568c00fce15f2958fd",
    "https://esm.sh/v115/@grammyjs/types@2.12.1/payment.d.ts": "410c384a26d24252219713adeb0c360d5d038102ab9d1a6e9aad20b603830d0c",
    "https://esm.sh/v115/@grammyjs/types@2.12.1/proxied.d.ts": "f633a4e6f59f34362d5dcd94872a661f0aa46e695ba0dd2445e844b5ef03fe19",
    "https://esm.sh/v115/@grammyjs/types@2.12.1/update.d.ts": "7c4fb6534a1b401ab300f7edf49e2fe75293153fc44af14382eea0c0c02033c2"
  }
}
